// !$*UTF8*$!
{
	archiveVersion = 1;
	classes = {
	};
	objectVersion = 77;
	objects = {

/* Begin PBXBuildFile section */
		551654B789D209788A69D794 /* AntiOupsApp.swift in Sources */ = {isa = PBXBuildFile; fileRef = 238DB2D7D7D4DFF8EA322C1C /* AntiOupsApp.swift */; };
		590313E8E010652FE98D5B28 /* AntiOupsExtension.swift in Sources */ = {isa = PBXBuildFile; fileRef = A96CF11A6E8BCA283BF017BB /* AntiOupsExtension.swift */; };
		64545DEEDD6CACC4064989E0 /* KeywordStore.swift in Sources */ = {isa = PBXBuildFile; fileRef = FFB8449B3A47AE831F5E997B /* KeywordStore.swift */; };
		6D2826E3072148D53D087040 /* ContentView.swift in Sources */ = {isa = PBXBuildFile; fileRef = BFA053FBB1E5279BE1872D58 /* ContentView.swift */; };
		751F648003B526681584DDC8 /* ComposeSessionHandler.swift in Sources */ = {isa = PBXBuildFile; fileRef = 4A68140081A793D5E98ABF6E /* ComposeSessionHandler.swift */; };
		769FAA881949144416282ABB /* Sparkle in Frameworks */ = {isa = PBXBuildFile; productRef = 143B7C794166721279059CB1 /* Sparkle */; };
		77A2BE74D12DA91EEAD39FEA /* AntiOupsExtension.appex in Embed Foundation Extensions */ = {isa = PBXBuildFile; fileRef = 4AEA480F3DCEB98BF4A0900E /* AntiOupsExtension.appex */; settings = {ATTRIBUTES = (RemoveHeadersOnCopy, ); }; };
		9914D43FB2FB9B50AEEF26A9 /* Assets.xcassets in Resources */ = {isa = PBXBuildFile; fileRef = 03BA340408BB202CE13A355D /* Assets.xcassets */; };
		B130B341F5B5BA9EAD5B00C8 /* MailKit.framework in Frameworks */ = {isa = PBXBuildFile; fileRef = FF63079D196C30D49EA9FF1E /* MailKit.framework */; };
		D3087E03675B34E0A8C191E3 /* KeywordStore.swift in Sources */ = {isa = PBXBuildFile; fileRef = FFB8449B3A47AE831F5E997B /* KeywordStore.swift */; };
		F6101D6424E6B2EF2184F46F /* KeywordDetector.swift in Sources */ = {isa = PBXBuildFile; fileRef = C887766D4BAFCE4A5AB206A8 /* KeywordDetector.swift */; };
		FF18B2FA4DCE76712EC3D72D /* MIMEParser.swift in Sources */ = {isa = PBXBuildFile; fileRef = 71C7069AE5D00CCDF7B26669 /* MIMEParser.swift */; };
/* End PBXBuildFile section */

/* Begin PBXContainerItemProxy section */
		A73D7D6C1A59B59F76E9B746 /* PBXContainerItemProxy */ = {
			isa = PBXContainerItemProxy;
			containerPortal = 5B127D124BE276ECB30C514A /* Project object */;
			proxyType = 1;
			remoteGlobalIDString = 1530FEC29BBF811D75DD9201;
			remoteInfo = AntiOupsExtension;
		};
/* End PBXContainerItemProxy section */

/* Begin PBXCopyFilesBuildPhase section */
		ADAF2CB5BC042DF6C5C6DAAC /* Embed Foundation Extensions */ = {
			isa = PBXCopyFilesBuildPhase;
			buildActionMask = 2147483647;
			dstPath = "";
			dstSubfolderSpec = 13;
			files = (
				77A2BE74D12DA91EEAD39FEA /* AntiOupsExtension.appex in Embed Foundation Extensions */,
			);
			name = "Embed Foundation Extensions";
			runOnlyForDeploymentPostprocessing = 0;
		};
/* End PBXCopyFilesBuildPhase section */

/* Begin PBXFileReference section */
		03BA340408BB202CE13A355D /* Assets.xcassets */ = {isa = PBXFileReference; lastKnownFileType = folder.assetcatalog; path = Assets.xcassets; sourceTree = "<group>"; };
		238DB2D7D7D4DFF8EA322C1C /* AntiOupsApp.swift */ = {isa = PBXFileReference; lastKnownFileType = sourcecode.swift; path = AntiOupsApp.swift; sourceTree = "<group>"; };
		258722E9FCFC20E1475926C9 /* Info.plist */ = {isa = PBXFileReference; lastKnownFileType = text.plist; path = Info.plist; sourceTree = "<group>"; };
		31743F3D2EB07963B9BA9D91 /* AntiOups.app */ = {isa = PBXFileReference; explicitFileType = wrapper.application; includeInIndex = 0; path = AntiOups.app; sourceTree = BUILT_PRODUCTS_DIR; };
		4A68140081A793D5E98ABF6E /* ComposeSessionHandler.swift */ = {isa = PBXFileReference; lastKnownFileType = sourcecode.swift; path = ComposeSessionHandler.swift; sourceTree = "<group>"; };
		4AEA480F3DCEB98BF4A0900E /* AntiOupsExtension.appex */ = {isa = PBXFileReference; explicitFileType = "wrapper.app-extension"; includeInIndex = 0; path = AntiOupsExtension.appex; sourceTree = BUILT_PRODUCTS_DIR; };
		53F1C485B4AC24CFE71F1A66 /* Info.plist */ = {isa = PBXFileReference; lastKnownFileType = text.plist; path = Info.plist; sourceTree = "<group>"; };
		71C7069AE5D00CCDF7B26669 /* MIMEParser.swift */ = {isa = PBXFileReference; lastKnownFileType = sourcecode.swift; path = MIMEParser.swift; sourceTree = "<group>"; };
		81134DD58481174E1B00A346 /* AntiOupsExtension.entitlements */ = {isa = PBXFileReference; lastKnownFileType = text.plist.entitlements; path = AntiOupsExtension.entitlements; sourceTree = "<group>"; };
		A5F2A99534755656ADDACFCF /* AntiOups.entitlements */ = {isa = PBXFileReference; lastKnownFileType = text.plist.entitlements; path = AntiOups.entitlements; sourceTree = "<group>"; };
		A96CF11A6E8BCA283BF017BB /* AntiOupsExtension.swift */ = {isa = PBXFileReference; lastKnownFileType = sourcecode.swift; path = AntiOupsExtension.swift; sourceTree = "<group>"; };
		BFA053FBB1E5279BE1872D58 /* ContentView.swift */ = {isa = PBXFileReference; lastKnownFileType = sourcecode.swift; path = ContentView.swift; sourceTree = "<group>"; };
		C887766D4BAFCE4A5AB206A8 /* KeywordDetector.swift */ = {isa = PBXFileReference; lastKnownFileType = sourcecode.swift; path = KeywordDetector.swift; sourceTree = "<group>"; };
		FF63079D196C30D49EA9FF1E /* MailKit.framework */ = {isa = PBXFileReference; lastKnownFileType = wrapper.framework; name = MailKit.framework; path = System/Library/Frameworks/MailKit.framework; sourceTree = SDKROOT; };
		FFB8449B3A47AE831F5E997B /* KeywordStore.swift */ = {isa = PBXFileReference; lastKnownFileType = sourcecode.swift; path = KeywordStore.swift; sourceTree = "<group>"; };
/* End PBXFileReference section */

/* Begin PBXFrameworksBuildPhase section */
		C218214CC1EE3EFC3832D112 /* Frameworks */ = {
			isa = PBXFrameworksBuildPhase;
			buildActionMask = 2147483647;
			files = (
				B130B341F5B5BA9EAD5B00C8 /* MailKit.framework in Frameworks */,
			);
			runOnlyForDeploymentPostprocessing = 0;
		};
		E664332CB1D625F99A03C1D5 /* Frameworks */ = {
			isa = PBXFrameworksBuildPhase;
			buildActionMask = 2147483647;
			files = (
				769FAA881949144416282ABB /* Sparkle in Frameworks */,
			);
			runOnlyForDeploymentPostprocessing = 0;
		};
/* End PBXFrameworksBuildPhase section */

/* Begin PBXGroup section */
		1FA21219EFC17052ED0421F0 /* Frameworks */ = {
			isa = PBXGroup;
			children = (
				FF63079D196C30D49EA9FF1E /* MailKit.framework */,
			);
			name = Frameworks;
			sourceTree = "<group>";
		};
		2E983D9EF4E9B3EBD09868B8 /* Products */ = {
			isa = PBXGroup;
			children = (
				31743F3D2EB07963B9BA9D91 /* AntiOups.app */,
				4AEA480F3DCEB98BF4A0900E /* AntiOupsExtension.appex */,
			);
			name = Products;
			sourceTree = "<group>";
		};
		327A5D8C63A4B1163770B344 = {
			isa = PBXGroup;
			children = (
				92762DD16A4D898CBC063F5C /* AntiOups */,
				3A96DB5A2189304DCE041777 /* AntiOupsExtension */,
				506AE4611DD73423E0C199E5 /* Shared */,
				1FA21219EFC17052ED0421F0 /* Frameworks */,
				2E983D9EF4E9B3EBD09868B8 /* Products */,
			);
			sourceTree = "<group>";
		};
		3A96DB5A2189304DCE041777 /* AntiOupsExtension */ = {
			isa = PBXGroup;
			children = (
				81134DD58481174E1B00A346 /* AntiOupsExtension.entitlements */,
				A96CF11A6E8BCA283BF017BB /* AntiOupsExtension.swift */,
				4A68140081A793D5E98ABF6E /* ComposeSessionHandler.swift */,
				53F1C485B4AC24CFE71F1A66 /* Info.plist */,
				C887766D4BAFCE4A5AB206A8 /* KeywordDetector.swift */,
				71C7069AE5D00CCDF7B26669 /* MIMEParser.swift */,
			);
			path = AntiOupsExtension;
			sourceTree = "<group>";
		};
		506AE4611DD73423E0C199E5 /* Shared */ = {
			isa = PBXGroup;
			children = (
				FFB8449B3A47AE831F5E997B /* KeywordStore.swift */,
			);
			path = Shared;
			sourceTree = "<group>";
		};
		92762DD16A4D898CBC063F5C /* AntiOups */ = {
			isa = PBXGroup;
			children = (
				A5F2A99534755656ADDACFCF /* AntiOups.entitlements */,
				238DB2D7D7D4DFF8EA322C1C /* AntiOupsApp.swift */,
				03BA340408BB202CE13A355D /* Assets.xcassets */,
				BFA053FBB1E5279BE1872D58 /* ContentView.swift */,
				258722E9FCFC20E1475926C9 /* Info.plist */,
			);
			path = AntiOups;
			sourceTree = "<group>";
		};
/* End PBXGroup section */

/* Begin PBXNativeTarget section */
		0745DFB7899412C913CEAC5F /* AntiOups */ = {
			isa = PBXNativeTarget;
			buildConfigurationList = A87F5DC2DCD1876321DC5974 /* Build configuration list for PBXNativeTarget "AntiOups" */;
			buildPhases = (
				5C0580277BCDED169CB52757 /* Sources */,
				A5D5D9A6E8DEB875786AF0B3 /* Resources */,
				E664332CB1D625F99A03C1D5 /* Frameworks */,
				ADAF2CB5BC042DF6C5C6DAAC /* Embed Foundation Extensions */,
			);
			buildRules = (
			);
			dependencies = (
				AA2780FE8C06EAF80AC3BA49 /* PBXTargetDependency */,
			);
			name = AntiOups;
			packageProductDependencies = (
				143B7C794166721279059CB1 /* Sparkle */,
			);
			productName = AntiOups;
			productReference = 31743F3D2EB07963B9BA9D91 /* AntiOups.app */;
			productType = "com.apple.product-type.application";
		};
		1530FEC29BBF811D75DD9201 /* AntiOupsExtension */ = {
			isa = PBXNativeTarget;
			buildConfigurationList = 7EA2564C1D9E171BEFCCE094 /* Build configuration list for PBXNativeTarget "AntiOupsExtension" */;
			buildPhases = (
				C657E0BF8404805AE1076195 /* Sources */,
				C218214CC1EE3EFC3832D112 /* Frameworks */,
			);
			buildRules = (
			);
			dependencies = (
			);
			name = AntiOupsExtension;
			packageProductDependencies = (
			);
			productName = AntiOupsExtension;
			productReference = 4AEA480F3DCEB98BF4A0900E /* AntiOupsExtension.appex */;
			productType = "com.apple.product-type.app-extension";
		};
/* End PBXNativeTarget section */

/* Begin PBXProject section */
		5B127D124BE276ECB30C514A /* Project object */ = {
			isa = PBXProject;
			attributes = {
				BuildIndependentTargetsInParallel = YES;
				LastUpgradeCheck = 1640;
				TargetAttributes = {
					0745DFB7899412C913CEAC5F = {
						DevelopmentTeam = TQVHUV8MZY;
						ProvisioningStyle = Automatic;
					};
					1530FEC29BBF811D75DD9201 = {
						DevelopmentTeam = TQVHUV8MZY;
						ProvisioningStyle = Automatic;
					};
				};
			};
			buildConfigurationList = B99D0B448F734C29E80FD86B /* Build configuration list for PBXProject "AntiOups" */;
			developmentRegion = en;
			hasScannedForEncodings = 0;
			knownRegions = (
				Base,
				en,
			);
			mainGroup = 327A5D8C63A4B1163770B344;
			minimizedProjectReferenceProxies = 1;
			packageReferences = (
				37A6619C998C5250A9E6B8DD /* XCRemoteSwiftPackageReference "Sparkle" */,
			);
			preferredProjectObjectVersion = 77;
			productRefGroup = 2E983D9EF4E9B3EBD09868B8 /* Products */;
			projectDirPath = "";
			projectRoot = "";
			targets = (
				0745DFB7899412C913CEAC5F /* AntiOups */,
				1530FEC29BBF811D75DD9201 /* AntiOupsExtension */,
			);
		};
/* End PBXProject section */

/* Begin PBXResourcesBuildPhase section */
		A5D5D9A6E8DEB875786AF0B3 /* Resources */ = {
			isa = PBXResourcesBuildPhase;
			buildActionMask = 2147483647;
			files = (
				9914D43FB2FB9B50AEEF26A9 /* Assets.xcassets in Resources */,
			);
			runOnlyForDeploymentPostprocessing = 0;
		};
/* End PBXResourcesBuildPhase section */

/* Begin PBXSourcesBuildPhase section */
		5C0580277BCDED169CB52757 /* Sources */ = {
			isa = PBXSourcesBuildPhase;
			buildActionMask = 2147483647;
			files = (
				551654B789D209788A69D794 /* AntiOupsApp.swift in Sources */,
				6D2826E3072148D53D087040 /* ContentView.swift in Sources */,
				64545DEEDD6CACC4064989E0 /* KeywordStore.swift in Sources */,
			);
			runOnlyForDeploymentPostprocessing = 0;
		};
		C657E0BF8404805AE1076195 /* Sources */ = {
			isa = PBXSourcesBuildPhase;
			buildActionMask = 2147483647;
			files = (
				590313E8E010652FE98D5B28 /* AntiOupsExtension.swift in Sources */,
				751F648003B526681584DDC8 /* ComposeSessionHandler.swift in Sources */,
				F6101D6424E6B2EF2184F46F /* KeywordDetector.swift in Sources */,
				D3087E03675B34E0A8C191E3 /* KeywordStore.swift in Sources */,
				FF18B2FA4DCE76712EC3D72D /* MIMEParser.swift in Sources */,
			);
			runOnlyForDeploymentPostprocessing = 0;
		};
/* End PBXSourcesBuildPhase section */

/* Begin PBXTargetDependency section */
		AA2780FE8C06EAF80AC3BA49 /* PBXTargetDependency */ = {
			isa = PBXTargetDependency;
			target = 1530FEC29BBF811D75DD9201 /* AntiOupsExtension */;
			targetProxy = A73D7D6C1A59B59F76E9B746 /* PBXContainerItemProxy */;
		};
/* End PBXTargetDependency section */

/* Begin XCBuildConfiguration section */
		01EBFA0D2AB455149EA02F80 /* Debug */ = {
			isa = XCBuildConfiguration;
			buildSettings = {
				ASSETCATALOG_COMPILER_APPICON_NAME = AppIcon;
				CODE_SIGN_ENTITLEMENTS = AntiOups/AntiOups.entitlements;
				COMBINE_HIDPI_IMAGES = YES;
				CURRENT_PROJECT_VERSION = 2;
				GENERATE_INFOPLIST_FILE = YES;
				INFOPLIST_FILE = AntiOups/Info.plist;
				INFOPLIST_KEY_CFBundleDisplayName = "Anti-Oups";
				INFOPLIST_KEY_LSApplicationCategoryType = "public.app-category.utilities";
				LD_RUNPATH_SEARCH_PATHS = (
					"$(inherited)",
					"@executable_path/../Frameworks",
				);
				MARKETING_VERSION = 1.1;
				PRODUCT_BUNDLE_IDENTIFIER = com.florianbonin.AntiOups;
				PRODUCT_NAME = "Anti-Oups";
				SDKROOT = macosx;
			};
			name = Debug;
		};
		409E5FB8BE5B99752CD49B51 /* Debug */ = {
			isa = XCBuildConfiguration;
			buildSettings = {
				CODE_SIGN_ENTITLEMENTS = AntiOupsExtension/AntiOupsExtension.entitlements;
				COMBINE_HIDPI_IMAGES = YES;
				CURRENT_PROJECT_VERSION = 2;
				GENERATE_INFOPLIST_FILE = YES;
				INFOPLIST_FILE = AntiOupsExtension/Info.plist;
				LD_RUNPATH_SEARCH_PATHS = (
					"$(inherited)",
					"@executable_path/../Frameworks",
					"@executable_path/../../../../Frameworks",
				);
				MARKETING_VERSION = 1.1;
				PRODUCT_BUNDLE_IDENTIFIER = com.florianbonin.AntiOups.AntiOupsExtension;
				PRODUCT_NAME = AntiOupsExtension;
				SDKROOT = macosx;
			};
			name = Debug;
		};
		59DEC869E8CF80F8407344AF /* Release */ = {
			isa = XCBuildConfiguration;
			buildSettings = {
				CODE_SIGN_ENTITLEMENTS = AntiOupsExtension/AntiOupsExtension.entitlements;
				COMBINE_HIDPI_IMAGES = YES;
				CURRENT_PROJECT_VERSION = 2;
				GENERATE_INFOPLIST_FILE = YES;
				INFOPLIST_FILE = AntiOupsExtension/Info.plist;
				LD_RUNPATH_SEARCH_PATHS = (
					"$(inherited)",
					"@executable_path/../Frameworks",
					"@executable_path/../../../../Frameworks",
				);
				MARKETING_VERSION = 1.1;
				PRODUCT_BUNDLE_IDENTIFIER = com.florianbonin.AntiOups.AntiOupsExtension;
				PRODUCT_NAME = AntiOupsExtension;
				SDKROOT = macosx;
			};
			name = Release;
		};
		AEFF41C5B442DE0D12ECCE84 /* Release */ = {
			isa = XCBuildConfiguration;
			buildSettings = {
				ASSETCATALOG_COMPILER_APPICON_NAME = AppIcon;
				CODE_SIGN_ENTITLEMENTS = AntiOups/AntiOups.entitlements;
				COMBINE_HIDPI_IMAGES = YES;
				CURRENT_PROJECT_VERSION = 2;
				GENERATE_INFOPLIST_FILE = YES;
				INFOPLIST_FILE = AntiOups/Info.plist;
				INFOPLIST_KEY_CFBundleDisplayName = "Anti-Oups";
				INFOPLIST_KEY_LSApplicationCategoryType = "public.app-category.utilities";
				LD_RUNPATH_SEARCH_PATHS = (
					"$(inherited)",
					"@executable_path/../Frameworks",
				);
				MARKETING_VERSION = 1.1;
				PRODUCT_BUNDLE_IDENTIFIER = com.florianbonin.AntiOups;
				PRODUCT_NAME = "Anti-Oups";
				SDKROOT = macosx;
			};
			name = Release;
		};
		CE448F52A1299D794162905A /* Release */ = {
			isa = XCBuildConfiguration;
			buildSettings = {
				ALWAYS_SEARCH_USER_PATHS = NO;
				CLANG_ANALYZER_NONNULL = YES;
				CLANG_ANALYZER_NUMBER_OBJECT_CONVERSION = YES_AGGRESSIVE;
				CLANG_CXX_LANGUAGE_STANDARD = "gnu++14";
				CLANG_CXX_LIBRARY = "libc++";
				CLANG_ENABLE_MODULES = YES;
				CLANG_ENABLE_OBJC_ARC = YES;
				CLANG_ENABLE_OBJC_WEAK = YES;
				CLANG_WARN_BLOCK_CAPTURE_AUTORELEASING = YES;
				CLANG_WARN_BOOL_CONVERSION = YES;
				CLANG_WARN_COMMA = YES;
				CLANG_WARN_CONSTANT_CONVERSION = YES;
				CLANG_WARN_DEPRECATED_OBJC_IMPLEMENTATIONS = YES;
				CLANG_WARN_DIRECT_OBJC_ISA_USAGE = YES_ERROR;
				CLANG_WARN_DOCUMENTATION_COMMENTS = YES;
				CLANG_WARN_EMPTY_BODY = YES;
				CLANG_WARN_ENUM_CONVERSION = YES;
				CLANG_WARN_INFINITE_RECURSION = YES;
				CLANG_WARN_INT_CONVERSION = YES;
				CLANG_WARN_NON_LITERAL_NULL_CONVERSION = YES;
				CLANG_WARN_OBJC_IMPLICIT_RETAIN_SELF = YES;
				CLANG_WARN_OBJC_LITERAL_CONVERSION = YES;
				CLANG_WARN_OBJC_ROOT_CLASS = YES_ERROR;
				CLANG_WARN_QUOTED_INCLUDE_IN_FRAMEWORK_HEADER = YES;
				CLANG_WARN_RANGE_LOOP_ANALYSIS = YES;
				CLANG_WARN_STRICT_PROTOTYPES = YES;
				CLANG_WARN_SUSPICIOUS_MOVE = YES;
				CLANG_WARN_UNGUARDED_AVAILABILITY = YES_AGGRESSIVE;
				CLANG_WARN_UNREACHABLE_CODE = YES;
				CLANG_WARN__DUPLICATE_METHOD_MATCH = YES;
				CODE_SIGN_IDENTITY = "Apple Development";
				CODE_SIGN_STYLE = Automatic;
				COPY_PHASE_STRIP = NO;
				DEBUG_INFORMATION_FORMAT = "dwarf-with-dsym";
				DEVELOPMENT_TEAM = TQVHUV8MZY;
				ENABLE_NS_ASSERTIONS = NO;
				ENABLE_STRICT_OBJC_MSGSEND = YES;
				GCC_C_LANGUAGE_STANDARD = gnu11;
				GCC_NO_COMMON_BLOCKS = YES;
				GCC_WARN_64_TO_32_BIT_CONVERSION = YES;
				GCC_WARN_ABOUT_RETURN_TYPE = YES_ERROR;
				GCC_WARN_UNDECLARED_SELECTOR = YES;
				GCC_WARN_UNINITIALIZED_AUTOS = YES_AGGRESSIVE;
				GCC_WARN_UNUSED_FUNCTION = YES;
				GCC_WARN_UNUSED_VARIABLE = YES;
				MACOSX_DEPLOYMENT_TARGET = 14.0;
				MTL_ENABLE_DEBUG_INFO = NO;
				MTL_FAST_MATH = YES;
				PRODUCT_NAME = "$(TARGET_NAME)";
				SDKROOT = macosx;
				SWIFT_COMPILATION_MODE = wholemodule;
				SWIFT_OPTIMIZATION_LEVEL = "-O";
				SWIFT_VERSION = 5.9;
			};
			name = Release;
		};
		FF5191F042F3BCD08EA2B659 /* Debug */ = {
			isa = XCBuildConfiguration;
			buildSettings = {
				ALWAYS_SEARCH_USER_PATHS = NO;
				CLANG_ANALYZER_NONNULL = YES;
				CLANG_ANALYZER_NUMBER_OBJECT_CONVERSION = YES_AGGRESSIVE;
				CLANG_CXX_LANGUAGE_STANDARD = "gnu++14";
				CLANG_CXX_LIBRARY = "libc++";
				CLANG_ENABLE_MODULES = YES;
				CLANG_ENABLE_OBJC_ARC = YES;
				CLANG_ENABLE_OBJC_WEAK = YES;
				CLANG_WARN_BLOCK_CAPTURE_AUTORELEASING = YES;
				CLANG_WARN_BOOL_CONVERSION = YES;
				CLANG_WARN_COMMA = YES;
				CLANG_WARN_CONSTANT_CONVERSION = YES;
				CLANG_WARN_DEPRECATED_OBJC_IMPLEMENTATIONS = YES;
				CLANG_WARN_DIRECT_OBJC_ISA_USAGE = YES_ERROR;
				CLANG_WARN_DOCUMENTATION_COMMENTS = YES;
				CLANG_WARN_EMPTY_BODY = YES;
				CLANG_WARN_ENUM_CONVERSION = YES;
				CLANG_WARN_INFINITE_RECURSION = YES;
				CLANG_WARN_INT_CONVERSION = YES;
				CLANG_WARN_NON_LITERAL_NULL_CONVERSION = YES;
				CLANG_WARN_OBJC_IMPLICIT_RETAIN_SELF = YES;
				CLANG_WARN_OBJC_LITERAL_CONVERSION = YES;
				CLANG_WARN_OBJC_ROOT_CLASS = YES_ERROR;
				CLANG_WARN_QUOTED_INCLUDE_IN_FRAMEWORK_HEADER = YES;
				CLANG_WARN_RANGE_LOOP_ANALYSIS = YES;
				CLANG_WARN_STRICT_PROTOTYPES = YES;
				CLANG_WARN_SUSPICIOUS_MOVE = YES;
				CLANG_WARN_UNGUARDED_AVAILABILITY = YES_AGGRESSIVE;
				CLANG_WARN_UNREACHABLE_CODE = YES;
				CLANG_WARN__DUPLICATE_METHOD_MATCH = YES;
				CODE_SIGN_IDENTITY = "Apple Development";
				CODE_SIGN_STYLE = Automatic;
				COPY_PHASE_STRIP = NO;
				DEBUG_INFORMATION_FORMAT = dwarf;
				DEVELOPMENT_TEAM = TQVHUV8MZY;
				ENABLE_STRICT_OBJC_MSGSEND = YES;
				ENABLE_TESTABILITY = YES;
				GCC_C_LANGUAGE_STANDARD = gnu11;
				GCC_DYNAMIC_NO_PIC = NO;
				GCC_NO_COMMON_BLOCKS = YES;
				GCC_OPTIMIZATION_LEVEL = 0;
				GCC_PREPROCESSOR_DEFINITIONS = (
					"$(inherited)",
					"DEBUG=1",
				);
				GCC_WARN_64_TO_32_BIT_CONVERSION = YES;
				GCC_WARN_ABOUT_RETURN_TYPE = YES_ERROR;
				GCC_WARN_UNDECLARED_SELECTOR = YES;
				GCC_WARN_UNINITIALIZED_AUTOS = YES_AGGRESSIVE;
				GCC_WARN_UNUSED_FUNCTION = YES;
				GCC_WARN_UNUSED_VARIABLE = YES;
				MACOSX_DEPLOYMENT_TARGET = 14.0;
				MTL_ENABLE_DEBUG_INFO = INCLUDE_SOURCE;
				MTL_FAST_MATH = YES;
				ONLY_ACTIVE_ARCH = YES;
				PRODUCT_NAME = "$(TARGET_NAME)";
				SDKROOT = macosx;
				SWIFT_ACTIVE_COMPILATION_CONDITIONS = DEBUG;
				SWIFT_OPTIMIZATION_LEVEL = "-Onone";
				SWIFT_VERSION = 5.9;
			};
			name = Debug;
		};
/* End XCBuildConfiguration section */

/* Begin XCConfigurationList section */
		7EA2564C1D9E171BEFCCE094 /* Build configuration list for PBXNativeTarget "AntiOupsExtension" */ = {
			isa = XCConfigurationList;
			buildConfigurations = (
				409E5FB8BE5B99752CD49B51 /* Debug */,
				59DEC869E8CF80F8407344AF /* Release */,
			);
			defaultConfigurationIsVisible = 0;
			defaultConfigurationName = Debug;
		};
		A87F5DC2DCD1876321DC5974 /* Build configuration list for PBXNativeTarget "AntiOups" */ = {
			isa = XCConfigurationList;
			buildConfigurations = (
				01EBFA0D2AB455149EA02F80 /* Debug */,
				AEFF41C5B442DE0D12ECCE84 /* Release */,
			);
			defaultConfigurationIsVisible = 0;
			defaultConfigurationName = Debug;
		};
		B99D0B448F734C29E80FD86B /* Build configuration list for PBXProject "AntiOups" */ = {
			isa = XCConfigurationList;
			buildConfigurations = (
				FF5191F042F3BCD08EA2B659 /* Debug */,
				CE448F52A1299D794162905A /* Release */,
			);
			defaultConfigurationIsVisible = 0;
			defaultConfigurationName = Debug;
		};
/* End XCConfigurationList section */

/* Begin XCRemoteSwiftPackageReference section */
		37A6619C998C5250A9E6B8DD /* XCRemoteSwiftPackageReference "Sparkle" */ = {
			isa = XCRemoteSwiftPackageReference;
			repositoryURL = "https://github.com/sparkle-project/Sparkle";
			requirement = {
				kind = upToNextMajorVersion;
				minimumVersion = 2.6.0;
			};
		};
/* End XCRemoteSwiftPackageReference section */

/* Begin XCSwiftPackageProductDependency section */
		143B7C794166721279059CB1 /* Sparkle */ = {
			isa = XCSwiftPackageProductDependency;
			package = 37A6619C998C5250A9E6B8DD /* XCRemoteSwiftPackageReference "Sparkle" */;
			productName = Sparkle;
		};
/* End XCSwiftPackageProductDependency section */
	};
	rootObject = 5B127D124BE276ECB30C514A /* Project object */;
}
